dependencies:
  espressif/esp_lvgl_port:
    component_hash: bfb2778c063b05a6c47c1a8de6d166ee4d911bc86fe0b3ff9e6bab06d2812033
    dependencies:
    - name: idf
      require: private
      version: '>=5.1'
    - name: lvgl/lvgl
      registry_url: https://components.espressif.com
      require: public
      version: '>=8,<10'
    source:
      registry_url: https://components.espressif.com/
      type: service
    version: 2.6.2
  idf:
    source:
      type: idf
    version: 5.2.0
  lvgl/lvgl:
    component_hash: b702d642e03e95928046d5c6726558e6444e112420c77efa5fdb6650b0a13c5d
    dependencies: []
    source:
      registry_url: https://components.espressif.com/
      type: service
    version: 9.3.0
direct_dependencies:
- espressif/esp_lvgl_port
- idf
- lvgl/lvgl
manifest_hash: 1cd131016c6ac240916ba92be3ed9eb1c9189bb4a161485460f5171246b51c1d
target: esp32
version: 2.0.0
